
Microsoft Visual Studio Solution File, Format Version 12.00
# Visual Studio 15
VisualStudioVersion = 15.0.28307.852
MinimumVisualStudioVersion = 10.0.40219.1
Project("{FAE04EC0-301F-11D3-BF4B-00C04F79EFBC}") = "Japangolin.UI", "Japangolin.UI\Japangolin.UI.csproj", "{E433E6AA-3E5B-48D6-A592-4BBFC4CC3032}"
EndProject
Global
	GlobalSection(SolutionConfigurationPlatforms) = preSolution
		Debug|Any CPU = Debug|Any CPU
		Release|Any CPU = Release|Any CPU
	EndGlobalSection
	GlobalSection(ProjectConfigurationPlatforms) = postSolution
		{E433E6AA-3E5B-48D6-A592-4BBFC4CC3032}.Debug|Any CPU.ActiveCfg = Debug|Any CPU
		{E433E6AA-3E5B-48D6-A592-4BBFC4CC3032}.Debug|Any CPU.Build.0 = Debug|Any CPU
		{E433E6AA-3E5B-48D6-A592-4BBFC4CC3032}.Release|Any CPU.ActiveCfg = Release|Any CPU
		{E433E6AA-3E5B-48D6-A592-4BBFC4CC3032}.Release|Any CPU.Build.0 = Release|Any CPU
	EndGlobalSection
	GlobalSection(SolutionProperties) = preSolution
		HideSolutionNode = FALSE
	EndGlobalSection
	GlobalSection(ExtensibilityGlobals) = postSolution
		SolutionGuid = {36F4565D-D199-4562-B1DD-CF4285636FEA}
	EndGlobalSection
EndGlobal
