
Microsoft Visual Studio Solution File, Format Version 12.00
# Visual Studio 15
VisualStudioVersion = 15.0.27703.2026
MinimumVisualStudioVersion = 10.0.40219.1
Project("{2150E333-8FDC-42A3-9474-1A3956D46DE8}") = "Dependencies", "Dependencies", "{25F255C2-1A79-4E8C-BAE6-A9B9B025AEE7}"
	ProjectSection(SolutionItems) = preProject
		Dependencies\Wacton.Tovarisch.dll = Dependencies\Wacton.Tovarisch.dll
		Dependencies\Wacton.Tovarisch.Logging.dll = Dependencies\Wacton.Tovarisch.Logging.dll
		Dependencies\Wacton.Tovarisch.UI.dll = Dependencies\Wacton.Tovarisch.UI.dll
	EndProjectSection
EndProject
Project("{FAE04EC0-301F-11D3-BF4B-00C04F79EFBC}") = "Japangolin.Sentences.UI", "Japangolin.Sentences.UI\Japangolin.Sentences.UI.csproj", "{2291019F-1A6F-43BD-B097-801140A226CD}"
EndProject
Project("{FAE04EC0-301F-11D3-BF4B-00C04F79EFBC}") = "Japangolin.Sentences.Tests", "Japangolin.Sentences.Tests\Japangolin.Sentences.Tests.csproj", "{DDE336B6-6F46-478C-BD55-3B4B1625BBC1}"
EndProject
Project("{9A19103F-16F7-4668-BE54-9A1E7A4F7556}") = "Japangolin.Sentences.Domain", "Japangolin.Sentences.Domain\Japangolin.Sentences.Domain.csproj", "{88AFAB87-87D5-49D4-9E59-364A273EB172}"
EndProject
Global
	GlobalSection(SolutionConfigurationPlatforms) = preSolution
		Debug|Any CPU = Debug|Any CPU
		Release|Any CPU = Release|Any CPU
	EndGlobalSection
	GlobalSection(ProjectConfigurationPlatforms) = postSolution
		{2291019F-1A6F-43BD-B097-801140A226CD}.Debug|Any CPU.ActiveCfg = Debug|Any CPU
		{2291019F-1A6F-43BD-B097-801140A226CD}.Debug|Any CPU.Build.0 = Debug|Any CPU
		{2291019F-1A6F-43BD-B097-801140A226CD}.Release|Any CPU.ActiveCfg = Release|Any CPU
		{2291019F-1A6F-43BD-B097-801140A226CD}.Release|Any CPU.Build.0 = Release|Any CPU
		{DDE336B6-6F46-478C-BD55-3B4B1625BBC1}.Debug|Any CPU.ActiveCfg = Debug|Any CPU
		{DDE336B6-6F46-478C-BD55-3B4B1625BBC1}.Debug|Any CPU.Build.0 = Debug|Any CPU
		{DDE336B6-6F46-478C-BD55-3B4B1625BBC1}.Release|Any CPU.ActiveCfg = Release|Any CPU
		{DDE336B6-6F46-478C-BD55-3B4B1625BBC1}.Release|Any CPU.Build.0 = Release|Any CPU
		{88AFAB87-87D5-49D4-9E59-364A273EB172}.Debug|Any CPU.ActiveCfg = Debug|Any CPU
		{88AFAB87-87D5-49D4-9E59-364A273EB172}.Debug|Any CPU.Build.0 = Debug|Any CPU
		{88AFAB87-87D5-49D4-9E59-364A273EB172}.Release|Any CPU.ActiveCfg = Release|Any CPU
		{88AFAB87-87D5-49D4-9E59-364A273EB172}.Release|Any CPU.Build.0 = Release|Any CPU
	EndGlobalSection
	GlobalSection(SolutionProperties) = preSolution
		HideSolutionNode = FALSE
	EndGlobalSection
	GlobalSection(ExtensibilityGlobals) = postSolution
		SolutionGuid = {11D39E6C-F087-42AC-8CF4-D3BA6B2A4996}
	EndGlobalSection
EndGlobal
